// !$*UTF8*$!
{
	archiveVersion = 1;
	classes = {
	};
	objectVersion = 55;
	objects = {

/* Begin PBXBuildFile section */
		6B62ABF829CCE6D700D090D4 /* AppDelegate.swift in Sources */ = {isa = PBXBuildFile; fileRef = 6B62ABF729CCE6D700D090D4 /* AppDelegate.swift */; };
		6B62ABFA29CCE6D700D090D4 /* SceneDelegate.swift in Sources */ = {isa = PBXBuildFile; fileRef = 6B62ABF929CCE6D700D090D4 /* SceneDelegate.swift */; };
		6B62ABFC29CCE6D700D090D4 /* MainVC.swift in Sources */ = {isa = PBXBuildFile; fileRef = 6B62ABFB29CCE6D700D090D4 /* MainVC.swift */; };
		6B62ABFF29CCE6D700D090D4 /* Main.storyboard in Resources */ = {isa = PBXBuildFile; fileRef = 6B62ABFD29CCE6D700D090D4 /* Main.storyboard */; };
		6B62AC0229CCE6D700D090D4 /* iTunesSearch.xcdatamodeld in Sources */ = {isa = PBXBuildFile; fileRef = 6B62AC0029CCE6D700D090D4 /* iTunesSearch.xcdatamodeld */; };
		6B62AC0429CCE6D700D090D4 /* Assets.xcassets in Resources */ = {isa = PBXBuildFile; fileRef = 6B62AC0329CCE6D700D090D4 /* Assets.xcassets */; };
		6B62AC0729CCE6D700D090D4 /* LaunchScreen.storyboard in Resources */ = {isa = PBXBuildFile; fileRef = 6B62AC0529CCE6D700D090D4 /* LaunchScreen.storyboard */; };
		6B62AC1829CCED0200D090D4 /* BaseViewController.swift in Sources */ = {isa = PBXBuildFile; fileRef = 6B62AC1729CCED0200D090D4 /* BaseViewController.swift */; };
		6B62AC1B29CCED4E00D090D4 /* AppColors.swift in Sources */ = {isa = PBXBuildFile; fileRef = 6B62AC1A29CCED4E00D090D4 /* AppColors.swift */; };
		6B62AC1F29CCEDA900D090D4 /* LoadingVC.swift in Sources */ = {isa = PBXBuildFile; fileRef = 6B62AC1D29CCEDA900D090D4 /* LoadingVC.swift */; };
		6B62AC2029CCEDA900D090D4 /* LoadingVC.xib in Resources */ = {isa = PBXBuildFile; fileRef = 6B62AC1E29CCEDA900D090D4 /* LoadingVC.xib */; };
		6B62AC2229CCEED400D090D4 /* BaseNavigationController.swift in Sources */ = {isa = PBXBuildFile; fileRef = 6B62AC2129CCEED400D090D4 /* BaseNavigationController.swift */; };
		6B62AC2529CCEF6300D090D4 /* DenemeVC.swift in Sources */ = {isa = PBXBuildFile; fileRef = 6B62AC2329CCEF6300D090D4 /* DenemeVC.swift */; };
		6B62AC2629CCEF6300D090D4 /* DenemeVC.xib in Resources */ = {isa = PBXBuildFile; fileRef = 6B62AC2429CCEF6300D090D4 /* DenemeVC.xib */; };
		6B62AC2A29CCF03F00D090D4 /* Ubuntu-Medium.ttf in Resources */ = {isa = PBXBuildFile; fileRef = 6B62AC2929CCF03F00D090D4 /* Ubuntu-Medium.ttf */; };
		6B62AC2D29CCF1F300D090D4 /* SearchView.swift in Sources */ = {isa = PBXBuildFile; fileRef = 6B62AC2C29CCF1F300D090D4 /* SearchView.swift */; };
		E69181F8E8388737FAA39D3B /* Pods_iTunesSearch.framework in Frameworks */ = {isa = PBXBuildFile; fileRef = 7D8E6788B142F94C393F241A /* Pods_iTunesSearch.framework */; };
/* End PBXBuildFile section */

/* Begin PBXFileReference section */
		1E192C27C1E0BF65EDA6C635 /* Pods-iTunesSearch.debug.xcconfig */ = {isa = PBXFileReference; includeInIndex = 1; lastKnownFileType = text.xcconfig; name = "Pods-iTunesSearch.debug.xcconfig"; path = "Target Support Files/Pods-iTunesSearch/Pods-iTunesSearch.debug.xcconfig"; sourceTree = "<group>"; };
		6B62ABF429CCE6D700D090D4 /* iTunesSearch.app */ = {isa = PBXFileReference; explicitFileType = wrapper.application; includeInIndex = 0; path = iTunesSearch.app; sourceTree = BUILT_PRODUCTS_DIR; };
		6B62ABF729CCE6D700D090D4 /* AppDelegate.swift */ = {isa = PBXFileReference; lastKnownFileType = sourcecode.swift; path = AppDelegate.swift; sourceTree = "<group>"; };
		6B62ABF929CCE6D700D090D4 /* SceneDelegate.swift */ = {isa = PBXFileReference; lastKnownFileType = sourcecode.swift; path = SceneDelegate.swift; sourceTree = "<group>"; };
		6B62ABFB29CCE6D700D090D4 /* MainVC.swift */ = {isa = PBXFileReference; lastKnownFileType = sourcecode.swift; path = MainVC.swift; sourceTree = "<group>"; };
		6B62ABFE29CCE6D700D090D4 /* Base */ = {isa = PBXFileReference; lastKnownFileType = file.storyboard; name = Base; path = Base.lproj/Main.storyboard; sourceTree = "<group>"; };
		6B62AC0129CCE6D700D090D4 /* iTunesSearch.xcdatamodel */ = {isa = PBXFileReference; lastKnownFileType = wrapper.xcdatamodel; path = iTunesSearch.xcdatamodel; sourceTree = "<group>"; };
		6B62AC0329CCE6D700D090D4 /* Assets.xcassets */ = {isa = PBXFileReference; lastKnownFileType = folder.assetcatalog; path = Assets.xcassets; sourceTree = "<group>"; };
		6B62AC0629CCE6D700D090D4 /* Base */ = {isa = PBXFileReference; lastKnownFileType = file.storyboard; name = Base; path = Base.lproj/LaunchScreen.storyboard; sourceTree = "<group>"; };
		6B62AC0829CCE6D800D090D4 /* Info.plist */ = {isa = PBXFileReference; lastKnownFileType = text.plist.xml; path = Info.plist; sourceTree = "<group>"; };
		6B62AC1729CCED0200D090D4 /* BaseViewController.swift */ = {isa = PBXFileReference; lastKnownFileType = sourcecode.swift; path = BaseViewController.swift; sourceTree = "<group>"; };
		6B62AC1A29CCED4E00D090D4 /* AppColors.swift */ = {isa = PBXFileReference; lastKnownFileType = sourcecode.swift; path = AppColors.swift; sourceTree = "<group>"; };
		6B62AC1D29CCEDA900D090D4 /* LoadingVC.swift */ = {isa = PBXFileReference; lastKnownFileType = sourcecode.swift; path = LoadingVC.swift; sourceTree = "<group>"; };
		6B62AC1E29CCEDA900D090D4 /* LoadingVC.xib */ = {isa = PBXFileReference; lastKnownFileType = file.xib; path = LoadingVC.xib; sourceTree = "<group>"; };
		6B62AC2129CCEED400D090D4 /* BaseNavigationController.swift */ = {isa = PBXFileReference; lastKnownFileType = sourcecode.swift; path = BaseNavigationController.swift; sourceTree = "<group>"; };
		6B62AC2329CCEF6300D090D4 /* DenemeVC.swift */ = {isa = PBXFileReference; lastKnownFileType = sourcecode.swift; path = DenemeVC.swift; sourceTree = "<group>"; };
		6B62AC2429CCEF6300D090D4 /* DenemeVC.xib */ = {isa = PBXFileReference; lastKnownFileType = file.xib; path = DenemeVC.xib; sourceTree = "<group>"; };
		6B62AC2929CCF03F00D090D4 /* Ubuntu-Medium.ttf */ = {isa = PBXFileReference; lastKnownFileType = file; path = "Ubuntu-Medium.ttf"; sourceTree = "<group>"; };
		6B62AC2C29CCF1F300D090D4 /* SearchView.swift */ = {isa = PBXFileReference; lastKnownFileType = sourcecode.swift; path = SearchView.swift; sourceTree = "<group>"; };
		7747DCFD376F85FC76666F76 /* Pods-iTunesSearch.release.xcconfig */ = {isa = PBXFileReference; includeInIndex = 1; lastKnownFileType = text.xcconfig; name = "Pods-iTunesSearch.release.xcconfig"; path = "Target Support Files/Pods-iTunesSearch/Pods-iTunesSearch.release.xcconfig"; sourceTree = "<group>"; };
		7D8E6788B142F94C393F241A /* Pods_iTunesSearch.framework */ = {isa = PBXFileReference; explicitFileType = wrapper.framework; includeInIndex = 0; path = Pods_iTunesSearch.framework; sourceTree = BUILT_PRODUCTS_DIR; };
/* End PBXFileReference section */

/* Begin PBXFrameworksBuildPhase section */
		6B62ABF129CCE6D700D090D4 /* Frameworks */ = {
			isa = PBXFrameworksBuildPhase;
			buildActionMask = 2147483647;
			files = (
				E69181F8E8388737FAA39D3B /* Pods_iTunesSearch.framework in Frameworks */,
			);
			runOnlyForDeploymentPostprocessing = 0;
		};
/* End PBXFrameworksBuildPhase section */

/* Begin PBXGroup section */
		59D658B4F90C991FEE48D42B /* Pods */ = {
			isa = PBXGroup;
			children = (
				1E192C27C1E0BF65EDA6C635 /* Pods-iTunesSearch.debug.xcconfig */,
				7747DCFD376F85FC76666F76 /* Pods-iTunesSearch.release.xcconfig */,
			);
			path = Pods;
			sourceTree = "<group>";
		};
		59EA101E32166330B086F96D /* Frameworks */ = {
			isa = PBXGroup;
			children = (
				7D8E6788B142F94C393F241A /* Pods_iTunesSearch.framework */,
			);
			name = Frameworks;
			sourceTree = "<group>";
		};
		6B62ABEB29CCE6D600D090D4 = {
			isa = PBXGroup;
			children = (
				6B62ABF629CCE6D700D090D4 /* iTunesSearch */,
				6B62ABF529CCE6D700D090D4 /* Products */,
				59D658B4F90C991FEE48D42B /* Pods */,
				59EA101E32166330B086F96D /* Frameworks */,
			);
			sourceTree = "<group>";
		};
		6B62ABF529CCE6D700D090D4 /* Products */ = {
			isa = PBXGroup;
			children = (
				6B62ABF429CCE6D700D090D4 /* iTunesSearch.app */,
			);
			name = Products;
			sourceTree = "<group>";
		};
		6B62ABF629CCE6D700D090D4 /* iTunesSearch */ = {
			isa = PBXGroup;
			children = (
				6B62AC0E29CCE8EB00D090D4 /* Network */,
				6B62AC0F29CCE8F800D090D4 /* Scene */,
				6B62AC1029CCE90000D090D4 /* Base */,
				6B62AC1129CCE90600D090D4 /* Extensions */,
				6B62AC1229CCE91300D090D4 /* Utilities */,
				6B62AC1329CCE91F00D090D4 /* Resources */,
				6B62AC0029CCE6D700D090D4 /* iTunesSearch.xcdatamodeld */,
			);
			path = iTunesSearch;
			sourceTree = "<group>";
		};
		6B62AC0E29CCE8EB00D090D4 /* Network */ = {
			isa = PBXGroup;
			children = (
			);
			path = Network;
			sourceTree = "<group>";
		};
		6B62AC0F29CCE8F800D090D4 /* Scene */ = {
			isa = PBXGroup;
			children = (
				6B62AC1429CCE94800D090D4 /* Storyboards */,
				6B62AC1629CCEA6D00D090D4 /* Main */,
				6B62AC2729CCEF6700D090D4 /* Deneme */,
				6B62AC1C29CCED6800D090D4 /* Loading */,
			);
			path = Scene;
			sourceTree = "<group>";
		};
		6B62AC1029CCE90000D090D4 /* Base */ = {
			isa = PBXGroup;
			children = (
				6B62AC1729CCED0200D090D4 /* BaseViewController.swift */,
				6B62AC2129CCEED400D090D4 /* BaseNavigationController.swift */,
			);
			path = Base;
			sourceTree = "<group>";
		};
		6B62AC1129CCE90600D090D4 /* Extensions */ = {
			isa = PBXGroup;
			children = (
			);
			path = Extensions;
			sourceTree = "<group>";
		};
		6B62AC1229CCE91300D090D4 /* Utilities */ = {
			isa = PBXGroup;
			children = (
				6B62ABF729CCE6D700D090D4 /* AppDelegate.swift */,
				6B62ABF929CCE6D700D090D4 /* SceneDelegate.swift */,
			);
			path = Utilities;
			sourceTree = "<group>";
		};
		6B62AC1329CCE91F00D090D4 /* Resources */ = {
			isa = PBXGroup;
			children = (
				6B62AC1529CCE96D00D090D4 /* Assets */,
				6B62AC1929CCED3C00D090D4 /* AppColors */,
				6B62AC2829CCF02E00D090D4 /* Font */,
				6B62AC0829CCE6D800D090D4 /* Info.plist */,
			);
			path = Resources;
			sourceTree = "<group>";
		};
		6B62AC1429CCE94800D090D4 /* Storyboards */ = {
			isa = PBXGroup;
			children = (
				6B62ABFD29CCE6D700D090D4 /* Main.storyboard */,
				6B62AC0529CCE6D700D090D4 /* LaunchScreen.storyboard */,
			);
			path = Storyboards;
			sourceTree = "<group>";
		};
		6B62AC1529CCE96D00D090D4 /* Assets */ = {
			isa = PBXGroup;
			children = (
				6B62AC0329CCE6D700D090D4 /* Assets.xcassets */,
			);
			path = Assets;
			sourceTree = "<group>";
		};
		6B62AC1629CCEA6D00D090D4 /* Main */ = {
			isa = PBXGroup;
			children = (
				6B62ABFB29CCE6D700D090D4 /* MainVC.swift */,
				6B62AC2B29CCF1C800D090D4 /* SearchView */,
			);
			path = Main;
			sourceTree = "<group>";
		};
		6B62AC1929CCED3C00D090D4 /* AppColors */ = {
			isa = PBXGroup;
			children = (
				6B62AC1A29CCED4E00D090D4 /* AppColors.swift */,
			);
			path = AppColors;
			sourceTree = "<group>";
		};
		6B62AC1C29CCED6800D090D4 /* Loading */ = {
			isa = PBXGroup;
			children = (
				6B62AC1E29CCEDA900D090D4 /* LoadingVC.xib */,
				6B62AC1D29CCEDA900D090D4 /* LoadingVC.swift */,
			);
			path = Loading;
			sourceTree = "<group>";
		};
		6B62AC2729CCEF6700D090D4 /* Deneme */ = {
			isa = PBXGroup;
			children = (
				6B62AC2429CCEF6300D090D4 /* DenemeVC.xib */,
				6B62AC2329CCEF6300D090D4 /* DenemeVC.swift */,
			);
			path = Deneme;
			sourceTree = "<group>";
		};
		6B62AC2829CCF02E00D090D4 /* Font */ = {
			isa = PBXGroup;
			children = (
				6B62AC2929CCF03F00D090D4 /* Ubuntu-Medium.ttf */,
			);
			path = Font;
			sourceTree = "<group>";
		};
		6B62AC2B29CCF1C800D090D4 /* SearchView */ = {
			isa = PBXGroup;
			children = (
				6B62AC2C29CCF1F300D090D4 /* SearchView.swift */,
			);
			path = SearchView;
			sourceTree = "<group>";
		};
/* End PBXGroup section */

/* Begin PBXNativeTarget section */
		6B62ABF329CCE6D700D090D4 /* iTunesSearch */ = {
			isa = PBXNativeTarget;
			buildConfigurationList = 6B62AC0B29CCE6D800D090D4 /* Build configuration list for PBXNativeTarget "iTunesSearch" */;
			buildPhases = (
				91776A3CEB50F0ABA33D71BB /* [CP] Check Pods Manifest.lock */,
				6B62ABF029CCE6D700D090D4 /* Sources */,
				6B62ABF129CCE6D700D090D4 /* Frameworks */,
				6B62ABF229CCE6D700D090D4 /* Resources */,
				FD24C1085929D87A986995CD /* [CP] Embed Pods Frameworks */,
			);
			buildRules = (
			);
			dependencies = (
			);
			name = iTunesSearch;
			productName = iTunesSearch;
			productReference = 6B62ABF429CCE6D700D090D4 /* iTunesSearch.app */;
			productType = "com.apple.product-type.application";
		};
/* End PBXNativeTarget section */

/* Begin PBXProject section */
		6B62ABEC29CCE6D600D090D4 /* Project object */ = {
			isa = PBXProject;
			attributes = {
				BuildIndependentTargetsInParallel = 1;
				LastSwiftUpdateCheck = 1330;
				LastUpgradeCheck = 1330;
				TargetAttributes = {
					6B62ABF329CCE6D700D090D4 = {
						CreatedOnToolsVersion = 13.3.1;
					};
				};
			};
			buildConfigurationList = 6B62ABEF29CCE6D600D090D4 /* Build configuration list for PBXProject "iTunesSearch" */;
			compatibilityVersion = "Xcode 13.0";
			developmentRegion = en;
			hasScannedForEncodings = 0;
			knownRegions = (
				en,
				Base,
			);
			mainGroup = 6B62ABEB29CCE6D600D090D4;
			productRefGroup = 6B62ABF529CCE6D700D090D4 /* Products */;
			projectDirPath = "";
			projectRoot = "";
			targets = (
				6B62ABF329CCE6D700D090D4 /* iTunesSearch */,
			);
		};
/* End PBXProject section */

/* Begin PBXResourcesBuildPhase section */
		6B62ABF229CCE6D700D090D4 /* Resources */ = {
			isa = PBXResourcesBuildPhase;
			buildActionMask = 2147483647;
			files = (
				6B62AC2629CCEF6300D090D4 /* DenemeVC.xib in Resources */,
				6B62AC0729CCE6D700D090D4 /* LaunchScreen.storyboard in Resources */,
				6B62AC2A29CCF03F00D090D4 /* Ubuntu-Medium.ttf in Resources */,
				6B62AC2029CCEDA900D090D4 /* LoadingVC.xib in Resources */,
				6B62AC0429CCE6D700D090D4 /* Assets.xcassets in Resources */,
				6B62ABFF29CCE6D700D090D4 /* Main.storyboard in Resources */,
			);
			runOnlyForDeploymentPostprocessing = 0;
		};
/* End PBXResourcesBuildPhase section */

/* Begin PBXShellScriptBuildPhase section */
		91776A3CEB50F0ABA33D71BB /* [CP] Check Pods Manifest.lock */ = {
			isa = PBXShellScriptBuildPhase;
			buildActionMask = 2147483647;
			files = (
			);
			inputFileListPaths = (
			);
			inputPaths = (
				"${PODS_PODFILE_DIR_PATH}/Podfile.lock",
				"${PODS_ROOT}/Manifest.lock",
			);
			name = "[CP] Check Pods Manifest.lock";
			outputFileListPaths = (
			);
			outputPaths = (
				"$(DERIVED_FILE_DIR)/Pods-iTunesSearch-checkManifestLockResult.txt",
			);
			runOnlyForDeploymentPostprocessing = 0;
			shellPath = /bin/sh;
			shellScript = "diff \"${PODS_PODFILE_DIR_PATH}/Podfile.lock\" \"${PODS_ROOT}/Manifest.lock\" > /dev/null\nif [ $? != 0 ] ; then\n    # print error to STDERR\n    echo \"error: The sandbox is not in sync with the Podfile.lock. Run 'pod install' or update your CocoaPods installation.\" >&2\n    exit 1\nfi\n# This output is used by Xcode 'outputs' to avoid re-running this script phase.\necho \"SUCCESS\" > \"${SCRIPT_OUTPUT_FILE_0}\"\n";
			showEnvVarsInLog = 0;
		};
		FD24C1085929D87A986995CD /* [CP] Embed Pods Frameworks */ = {
			isa = PBXShellScriptBuildPhase;
			buildActionMask = 2147483647;
			files = (
			);
			inputFileListPaths = (
				"${PODS_ROOT}/Target Support Files/Pods-iTunesSearch/Pods-iTunesSearch-frameworks-${CONFIGURATION}-input-files.xcfilelist",
			);
			name = "[CP] Embed Pods Frameworks";
			outputFileListPaths = (
				"${PODS_ROOT}/Target Support Files/Pods-iTunesSearch/Pods-iTunesSearch-frameworks-${CONFIGURATION}-output-files.xcfilelist",
			);
			runOnlyForDeploymentPostprocessing = 0;
			shellPath = /bin/sh;
			shellScript = "\"${PODS_ROOT}/Target Support Files/Pods-iTunesSearch/Pods-iTunesSearch-frameworks.sh\"\n";
			showEnvVarsInLog = 0;
		};
/* End PBXShellScriptBuildPhase section */

/* Begin PBXSourcesBuildPhase section */
		6B62ABF029CCE6D700D090D4 /* Sources */ = {
			isa = PBXSourcesBuildPhase;
			buildActionMask = 2147483647;
			files = (
				6B62AC2D29CCF1F300D090D4 /* SearchView.swift in Sources */,
				6B62AC2229CCEED400D090D4 /* BaseNavigationController.swift in Sources */,
				6B62AC1829CCED0200D090D4 /* BaseViewController.swift in Sources */,
				6B62ABFC29CCE6D700D090D4 /* MainVC.swift in Sources */,
				6B62ABF829CCE6D700D090D4 /* AppDelegate.swift in Sources */,
				6B62AC1B29CCED4E00D090D4 /* AppColors.swift in Sources */,
				6B62ABFA29CCE6D700D090D4 /* SceneDelegate.swift in Sources */,
				6B62AC0229CCE6D700D090D4 /* iTunesSearch.xcdatamodeld in Sources */,
				6B62AC2529CCEF6300D090D4 /* DenemeVC.swift in Sources */,
				6B62AC1F29CCEDA900D090D4 /* LoadingVC.swift in Sources */,
			);
			runOnlyForDeploymentPostprocessing = 0;
		};
/* End PBXSourcesBuildPhase section */

/* Begin PBXVariantGroup section */
		6B62ABFD29CCE6D700D090D4 /* Main.storyboard */ = {
			isa = PBXVariantGroup;
			children = (
				6B62ABFE29CCE6D700D090D4 /* Base */,
			);
			name = Main.storyboard;
			sourceTree = "<group>";
		};
		6B62AC0529CCE6D700D090D4 /* LaunchScreen.storyboard */ = {
			isa = PBXVariantGroup;
			children = (
				6B62AC0629CCE6D700D090D4 /* Base */,
			);
			name = LaunchScreen.storyboard;
			sourceTree = "<group>";
		};
/* End PBXVariantGroup section */

/* Begin XCBuildConfiguration section */
		6B62AC0929CCE6D800D090D4 /* Debug */ = {
			isa = XCBuildConfiguration;
			buildSettings = {
				ALWAYS_SEARCH_USER_PATHS = NO;
				CLANG_ANALYZER_NONNULL = YES;
				CLANG_ANALYZER_NUMBER_OBJECT_CONVERSION = YES_AGGRESSIVE;
				CLANG_CXX_LANGUAGE_STANDARD = "gnu++17";
				CLANG_ENABLE_MODULES = YES;
				CLANG_ENABLE_OBJC_ARC = YES;
				CLANG_ENABLE_OBJC_WEAK = YES;
				CLANG_WARN_BLOCK_CAPTURE_AUTORELEASING = YES;
				CLANG_WARN_BOOL_CONVERSION = YES;
				CLANG_WARN_COMMA = YES;
				CLANG_WARN_CONSTANT_CONVERSION = YES;
				CLANG_WARN_DEPRECATED_OBJC_IMPLEMENTATIONS = YES;
				CLANG_WARN_DIRECT_OBJC_ISA_USAGE = YES_ERROR;
				CLANG_WARN_DOCUMENTATION_COMMENTS = YES;
				CLANG_WARN_EMPTY_BODY = YES;
				CLANG_WARN_ENUM_CONVERSION = YES;
				CLANG_WARN_INFINITE_RECURSION = YES;
				CLANG_WARN_INT_CONVERSION = YES;
				CLANG_WARN_NON_LITERAL_NULL_CONVERSION = YES;
				CLANG_WARN_OBJC_IMPLICIT_RETAIN_SELF = YES;
				CLANG_WARN_OBJC_LITERAL_CONVERSION = YES;
				CLANG_WARN_OBJC_ROOT_CLASS = YES_ERROR;
				CLANG_WARN_QUOTED_INCLUDE_IN_FRAMEWORK_HEADER = YES;
				CLANG_WARN_RANGE_LOOP_ANALYSIS = YES;
				CLANG_WARN_STRICT_PROTOTYPES = YES;
				CLANG_WARN_SUSPICIOUS_MOVE = YES;
				CLANG_WARN_UNGUARDED_AVAILABILITY = YES_AGGRESSIVE;
				CLANG_WARN_UNREACHABLE_CODE = YES;
				CLANG_WARN__DUPLICATE_METHOD_MATCH = YES;
				COPY_PHASE_STRIP = NO;
				DEBUG_INFORMATION_FORMAT = dwarf;
				ENABLE_STRICT_OBJC_MSGSEND = YES;
				ENABLE_TESTABILITY = YES;
				GCC_C_LANGUAGE_STANDARD = gnu11;
				GCC_DYNAMIC_NO_PIC = NO;
				GCC_NO_COMMON_BLOCKS = YES;
				GCC_OPTIMIZATION_LEVEL = 0;
				GCC_PREPROCESSOR_DEFINITIONS = (
					"DEBUG=1",
					"$(inherited)",
				);
				GCC_WARN_64_TO_32_BIT_CONVERSION = YES;
				GCC_WARN_ABOUT_RETURN_TYPE = YES_ERROR;
				GCC_WARN_UNDECLARED_SELECTOR = YES;
				GCC_WARN_UNINITIALIZED_AUTOS = YES_AGGRESSIVE;
				GCC_WARN_UNUSED_FUNCTION = YES;
				GCC_WARN_UNUSED_VARIABLE = YES;
				IPHONEOS_DEPLOYMENT_TARGET = 15.4;
				MTL_ENABLE_DEBUG_INFO = INCLUDE_SOURCE;
				MTL_FAST_MATH = YES;
				ONLY_ACTIVE_ARCH = YES;
				SDKROOT = iphoneos;
				SWIFT_ACTIVE_COMPILATION_CONDITIONS = DEBUG;
				SWIFT_OPTIMIZATION_LEVEL = "-Onone";
			};
			name = Debug;
		};
		6B62AC0A29CCE6D800D090D4 /* Release */ = {
			isa = XCBuildConfiguration;
			buildSettings = {
				ALWAYS_SEARCH_USER_PATHS = NO;
				CLANG_ANALYZER_NONNULL = YES;
				CLANG_ANALYZER_NUMBER_OBJECT_CONVERSION = YES_AGGRESSIVE;
				CLANG_CXX_LANGUAGE_STANDARD = "gnu++17";
				CLANG_ENABLE_MODULES = YES;
				CLANG_ENABLE_OBJC_ARC = YES;
				CLANG_ENABLE_OBJC_WEAK = YES;
				CLANG_WARN_BLOCK_CAPTURE_AUTORELEASING = YES;
				CLANG_WARN_BOOL_CONVERSION = YES;
				CLANG_WARN_COMMA = YES;
				CLANG_WARN_CONSTANT_CONVERSION = YES;
				CLANG_WARN_DEPRECATED_OBJC_IMPLEMENTATIONS = YES;
				CLANG_WARN_DIRECT_OBJC_ISA_USAGE = YES_ERROR;
				CLANG_WARN_DOCUMENTATION_COMMENTS = YES;
				CLANG_WARN_EMPTY_BODY = YES;
				CLANG_WARN_ENUM_CONVERSION = YES;
				CLANG_WARN_INFINITE_RECURSION = YES;
				CLANG_WARN_INT_CONVERSION = YES;
				CLANG_WARN_NON_LITERAL_NULL_CONVERSION = YES;
				CLANG_WARN_OBJC_IMPLICIT_RETAIN_SELF = YES;
				CLANG_WARN_OBJC_LITERAL_CONVERSION = YES;
				CLANG_WARN_OBJC_ROOT_CLASS = YES_ERROR;
				CLANG_WARN_QUOTED_INCLUDE_IN_FRAMEWORK_HEADER = YES;
				CLANG_WARN_RANGE_LOOP_ANALYSIS = YES;
				CLANG_WARN_STRICT_PROTOTYPES = YES;
				CLANG_WARN_SUSPICIOUS_MOVE = YES;
				CLANG_WARN_UNGUARDED_AVAILABILITY = YES_AGGRESSIVE;
				CLANG_WARN_UNREACHABLE_CODE = YES;
				CLANG_WARN__DUPLICATE_METHOD_MATCH = YES;
				COPY_PHASE_STRIP = NO;
				DEBUG_INFORMATION_FORMAT = "dwarf-with-dsym";
				ENABLE_NS_ASSERTIONS = NO;
				ENABLE_STRICT_OBJC_MSGSEND = YES;
				GCC_C_LANGUAGE_STANDARD = gnu11;
				GCC_NO_COMMON_BLOCKS = YES;
				GCC_WARN_64_TO_32_BIT_CONVERSION = YES;
				GCC_WARN_ABOUT_RETURN_TYPE = YES_ERROR;
				GCC_WARN_UNDECLARED_SELECTOR = YES;
				GCC_WARN_UNINITIALIZED_AUTOS = YES_AGGRESSIVE;
				GCC_WARN_UNUSED_FUNCTION = YES;
				GCC_WARN_UNUSED_VARIABLE = YES;
				IPHONEOS_DEPLOYMENT_TARGET = 15.4;
				MTL_ENABLE_DEBUG_INFO = NO;
				MTL_FAST_MATH = YES;
				SDKROOT = iphoneos;
				SWIFT_COMPILATION_MODE = wholemodule;
				SWIFT_OPTIMIZATION_LEVEL = "-O";
				VALIDATE_PRODUCT = YES;
			};
			name = Release;
		};
		6B62AC0C29CCE6D800D090D4 /* Debug */ = {
			isa = XCBuildConfiguration;
			baseConfigurationReference = 1E192C27C1E0BF65EDA6C635 /* Pods-iTunesSearch.debug.xcconfig */;
			buildSettings = {
				ASSETCATALOG_COMPILER_APPICON_NAME = AppIcon;
				ASSETCATALOG_COMPILER_GLOBAL_ACCENT_COLOR_NAME = AccentColor;
				CODE_SIGN_STYLE = Automatic;
				CURRENT_PROJECT_VERSION = 1;
				DEVELOPMENT_TEAM = 2B2355P26S;
				GENERATE_INFOPLIST_FILE = YES;
				INFOPLIST_FILE = iTunesSearch/Resources/Info.plist;
				INFOPLIST_KEY_UIApplicationSupportsIndirectInputEvents = YES;
				INFOPLIST_KEY_UILaunchStoryboardName = LaunchScreen;
				INFOPLIST_KEY_UIMainStoryboardFile = Main;
				INFOPLIST_KEY_UISupportedInterfaceOrientations_iPad = "UIInterfaceOrientationPortrait UIInterfaceOrientationPortraitUpsideDown UIInterfaceOrientationLandscapeLeft UIInterfaceOrientationLandscapeRight";
				INFOPLIST_KEY_UISupportedInterfaceOrientations_iPhone = "UIInterfaceOrientationPortrait UIInterfaceOrientationLandscapeLeft UIInterfaceOrientationLandscapeRight";
				LD_RUNPATH_SEARCH_PATHS = (
					"$(inherited)",
					"@executable_path/Frameworks",
				);
				MARKETING_VERSION = 1.0.0;
				PRODUCT_BUNDLE_IDENTIFIER = com.ilkaysever.iTunesSearch;
				PRODUCT_NAME = "$(TARGET_NAME)";
				SWIFT_EMIT_LOC_STRINGS = YES;
				SWIFT_VERSION = 5.0;
				TARGETED_DEVICE_FAMILY = "1,2";
			};
			name = Debug;
		};
		6B62AC0D29CCE6D800D090D4 /* Release */ = {
			isa = XCBuildConfiguration;
			baseConfigurationReference = 7747DCFD376F85FC76666F76 /* Pods-iTunesSearch.release.xcconfig */;
			buildSettings = {
				ASSETCATALOG_COMPILER_APPICON_NAME = AppIcon;
				ASSETCATALOG_COMPILER_GLOBAL_ACCENT_COLOR_NAME = AccentColor;
				CODE_SIGN_STYLE = Automatic;
				CURRENT_PROJECT_VERSION = 1;
				DEVELOPMENT_TEAM = 2B2355P26S;
				GENERATE_INFOPLIST_FILE = YES;
				INFOPLIST_FILE = iTunesSearch/Resources/Info.plist;
				INFOPLIST_KEY_UIApplicationSupportsIndirectInputEvents = YES;
				INFOPLIST_KEY_UILaunchStoryboardName = LaunchScreen;
				INFOPLIST_KEY_UIMainStoryboardFile = Main;
				INFOPLIST_KEY_UISupportedInterfaceOrientations_iPad = "UIInterfaceOrientationPortrait UIInterfaceOrientationPortraitUpsideDown UIInterfaceOrientationLandscapeLeft UIInterfaceOrientationLandscapeRight";
				INFOPLIST_KEY_UISupportedInterfaceOrientations_iPhone = "UIInterfaceOrientationPortrait UIInterfaceOrientationLandscapeLeft UIInterfaceOrientationLandscapeRight";
				LD_RUNPATH_SEARCH_PATHS = (
					"$(inherited)",
					"@executable_path/Frameworks",
				);
				MARKETING_VERSION = 1.0.0;
				PRODUCT_BUNDLE_IDENTIFIER = com.ilkaysever.iTunesSearch;
				PRODUCT_NAME = "$(TARGET_NAME)";
				SWIFT_EMIT_LOC_STRINGS = YES;
				SWIFT_VERSION = 5.0;
				TARGETED_DEVICE_FAMILY = "1,2";
			};
			name = Release;
		};
/* End XCBuildConfiguration section */

/* Begin XCConfigurationList section */
		6B62ABEF29CCE6D600D090D4 /* Build configuration list for PBXProject "iTunesSearch" */ = {
			isa = XCConfigurationList;
			buildConfigurations = (
				6B62AC0929CCE6D800D090D4 /* Debug */,
				6B62AC0A29CCE6D800D090D4 /* Release */,
			);
			defaultConfigurationIsVisible = 0;
			defaultConfigurationName = Release;
		};
		6B62AC0B29CCE6D800D090D4 /* Build configuration list for PBXNativeTarget "iTunesSearch" */ = {
			isa = XCConfigurationList;
			buildConfigurations = (
				6B62AC0C29CCE6D800D090D4 /* Debug */,
				6B62AC0D29CCE6D800D090D4 /* Release */,
			);
			defaultConfigurationIsVisible = 0;
			defaultConfigurationName = Release;
		};
/* End XCConfigurationList section */

/* Begin XCVersionGroup section */
		6B62AC0029CCE6D700D090D4 /* iTunesSearch.xcdatamodeld */ = {
			isa = XCVersionGroup;
			children = (
				6B62AC0129CCE6D700D090D4 /* iTunesSearch.xcdatamodel */,
			);
			currentVersion = 6B62AC0129CCE6D700D090D4 /* iTunesSearch.xcdatamodel */;
			path = iTunesSearch.xcdatamodeld;
			sourceTree = "<group>";
			versionGroupType = wrapper.xcdatamodel;
		};
/* End XCVersionGroup section */
	};
	rootObject = 6B62ABEC29CCE6D600D090D4 /* Project object */;
}
